
Microsoft Visual Studio Solution File, Format Version 12.00
# Visual Studio Version 16
VisualStudioVersion = 16.0.30804.86
MinimumVisualStudioVersion = 10.0.40219.1
Project("{FAE04EC0-301F-11D3-BF4B-00C04F79EFBC}") = "StoreProcedureControls", "StoreProcedureControls\StoreProcedureControls.csproj", "{6E459A46-106D-446D-806D-EE269A174651}"
EndProject
Global
	GlobalSection(SolutionConfigurationPlatforms) = preSolution
		Debug|Any CPU = Debug|Any CPU
		Release|Any CPU = Release|Any CPU
	EndGlobalSection
	GlobalSection(ProjectConfigurationPlatforms) = postSolution
		{6E459A46-106D-446D-806D-EE269A174651}.Debug|Any CPU.ActiveCfg = Debug|Any CPU
		{6E459A46-106D-446D-806D-EE269A174651}.Debug|Any CPU.Build.0 = Debug|Any CPU
		{6E459A46-106D-446D-806D-EE269A174651}.Release|Any CPU.ActiveCfg = Release|Any CPU
		{6E459A46-106D-446D-806D-EE269A174651}.Release|Any CPU.Build.0 = Release|Any CPU
	EndGlobalSection
	GlobalSection(SolutionProperties) = preSolution
		HideSolutionNode = FALSE
	EndGlobalSection
	GlobalSection(ExtensibilityGlobals) = postSolution
		SolutionGuid = {DD0EE395-4B54-4DEF-837E-3817D66CF911}
	EndGlobalSection
EndGlobal
